
Microsoft Visual Studio Solution File, Format Version 12.00
# Visual Studio Version 17
VisualStudioVersion = 17.14.36301.6 d17.14
MinimumVisualStudioVersion = 10.0.40219.1
Project("{FAE04EC0-301F-11D3-BF4B-00C04F79EFBC}") = "ImicASP.Net", "ImicASP.Net.csproj", "{5C88F558-FBBD-4CDC-B698-D4747D876DE6}"
EndProject
Global
	GlobalSection(SolutionConfigurationPlatforms) = preSolution
		Debug|Any CPU = Debug|Any CPU
		Release|Any CPU = Release|Any CPU
	EndGlobalSection
	GlobalSection(ProjectConfigurationPlatforms) = postSolution
		{5C88F558-FBBD-4CDC-B698-D4747D876DE6}.Debug|Any CPU.ActiveCfg = Debug|Any CPU
		{5C88F558-FBBD-4CDC-B698-D4747D876DE6}.Debug|Any CPU.Build.0 = Debug|Any CPU
		{5C88F558-FBBD-4CDC-B698-D4747D876DE6}.Release|Any CPU.ActiveCfg = Release|Any CPU
		{5C88F558-FBBD-4CDC-B698-D4747D876DE6}.Release|Any CPU.Build.0 = Release|Any CPU
	EndGlobalSection
	GlobalSection(SolutionProperties) = preSolution
		HideSolutionNode = FALSE
	EndGlobalSection
	GlobalSection(ExtensibilityGlobals) = postSolution
		SolutionGuid = {D98016FF-5AE0-4AF9-A95E-822DCF72E2EB}
	EndGlobalSection
EndGlobal
